// !$*UTF8*$!
{
	archiveVersion = 1;
	classes = {
	};
	objectVersion = 56;
	objects = {

/* Begin PBXBuildFile section */
		69BB08DF29468A5A007DD99E /* LandmarksApp.swift in Sources */ = {isa = PBXBuildFile; fileRef = 69BB08DE29468A5A007DD99E /* LandmarksApp.swift */; };
		69BB08E129468A5A007DD99E /* ContentView.swift in Sources */ = {isa = PBXBuildFile; fileRef = 69BB08E029468A5A007DD99E /* ContentView.swift */; };
		69BB08E329468A5C007DD99E /* Assets.xcassets in Resources */ = {isa = PBXBuildFile; fileRef = 69BB08E229468A5C007DD99E /* Assets.xcassets */; };
		69BB08E629468A5C007DD99E /* Preview Assets.xcassets in Resources */ = {isa = PBXBuildFile; fileRef = 69BB08E529468A5C007DD99E /* Preview Assets.xcassets */; };
		69BB08F029468A5D007DD99E /* LandmarksTests.swift in Sources */ = {isa = PBXBuildFile; fileRef = 69BB08EF29468A5D007DD99E /* LandmarksTests.swift */; };
		69BB08FA29468A5D007DD99E /* LandmarksUITests.swift in Sources */ = {isa = PBXBuildFile; fileRef = 69BB08F929468A5D007DD99E /* LandmarksUITests.swift */; };
		69BB08FC29468A5D007DD99E /* LandmarksUITestsLaunchTests.swift in Sources */ = {isa = PBXBuildFile; fileRef = 69BB08FB29468A5D007DD99E /* LandmarksUITestsLaunchTests.swift */; };
		69E24224294A7C6900CF75D0 /* CircleImage.swift in Sources */ = {isa = PBXBuildFile; fileRef = 69E24223294A7C6900CF75D0 /* CircleImage.swift */; };
		69E24226294A7D4100CF75D0 /* MapView.swift in Sources */ = {isa = PBXBuildFile; fileRef = 69E24225294A7D4100CF75D0 /* MapView.swift */; };
		69E2422C294A81FB00CF75D0 /* Landmark.swift in Sources */ = {isa = PBXBuildFile; fileRef = 69E2422B294A81FB00CF75D0 /* Landmark.swift */; };
		69E2422E294A83F000CF75D0 /* Data.swift in Sources */ = {isa = PBXBuildFile; fileRef = 69E2422D294A83F000CF75D0 /* Data.swift */; };
		69E24235294A851900CF75D0 /* LandmarkRow.swift in Sources */ = {isa = PBXBuildFile; fileRef = 69E24234294A851900CF75D0 /* LandmarkRow.swift */; };
		69E24237294A879800CF75D0 /* landmarkData.json in Resources */ = {isa = PBXBuildFile; fileRef = 69E24236294A879800CF75D0 /* landmarkData.json */; };
		69E2423B294A892100CF75D0 /* LandmarkList.swift in Sources */ = {isa = PBXBuildFile; fileRef = 69E2423A294A892100CF75D0 /* LandmarkList.swift */; };
		69E2423D294B963A00CF75D0 /* LandmarkDetail.swift in Sources */ = {isa = PBXBuildFile; fileRef = 69E2423C294B963A00CF75D0 /* LandmarkDetail.swift */; };
/* End PBXBuildFile section */

/* Begin PBXContainerItemProxy section */
		69BB08EC29468A5D007DD99E /* PBXContainerItemProxy */ = {
			isa = PBXContainerItemProxy;
			containerPortal = 69BB08D329468A5A007DD99E /* Project object */;
			proxyType = 1;
			remoteGlobalIDString = 69BB08DA29468A5A007DD99E;
			remoteInfo = Landmarks;
		};
		69BB08F629468A5D007DD99E /* PBXContainerItemProxy */ = {
			isa = PBXContainerItemProxy;
			containerPortal = 69BB08D329468A5A007DD99E /* Project object */;
			proxyType = 1;
			remoteGlobalIDString = 69BB08DA29468A5A007DD99E;
			remoteInfo = Landmarks;
		};
/* End PBXContainerItemProxy section */

/* Begin PBXFileReference section */
		69BB08DB29468A5A007DD99E /* Landmarks.app */ = {isa = PBXFileReference; explicitFileType = wrapper.application; includeInIndex = 0; path = Landmarks.app; sourceTree = BUILT_PRODUCTS_DIR; };
		69BB08DE29468A5A007DD99E /* LandmarksApp.swift */ = {isa = PBXFileReference; lastKnownFileType = sourcecode.swift; path = LandmarksApp.swift; sourceTree = "<group>"; };
		69BB08E029468A5A007DD99E /* ContentView.swift */ = {isa = PBXFileReference; lastKnownFileType = sourcecode.swift; path = ContentView.swift; sourceTree = "<group>"; };
		69BB08E229468A5C007DD99E /* Assets.xcassets */ = {isa = PBXFileReference; lastKnownFileType = folder.assetcatalog; path = Assets.xcassets; sourceTree = "<group>"; };
		69BB08E529468A5C007DD99E /* Preview Assets.xcassets */ = {isa = PBXFileReference; lastKnownFileType = folder.assetcatalog; path = "Preview Assets.xcassets"; sourceTree = "<group>"; };
		69BB08EB29468A5D007DD99E /* LandmarksTests.xctest */ = {isa = PBXFileReference; explicitFileType = wrapper.cfbundle; includeInIndex = 0; path = LandmarksTests.xctest; sourceTree = BUILT_PRODUCTS_DIR; };
		69BB08EF29468A5D007DD99E /* LandmarksTests.swift */ = {isa = PBXFileReference; lastKnownFileType = sourcecode.swift; path = LandmarksTests.swift; sourceTree = "<group>"; };
		69BB08F529468A5D007DD99E /* LandmarksUITests.xctest */ = {isa = PBXFileReference; explicitFileType = wrapper.cfbundle; includeInIndex = 0; path = LandmarksUITests.xctest; sourceTree = BUILT_PRODUCTS_DIR; };
		69BB08F929468A5D007DD99E /* LandmarksUITests.swift */ = {isa = PBXFileReference; lastKnownFileType = sourcecode.swift; path = LandmarksUITests.swift; sourceTree = "<group>"; };
		69BB08FB29468A5D007DD99E /* LandmarksUITestsLaunchTests.swift */ = {isa = PBXFileReference; lastKnownFileType = sourcecode.swift; path = LandmarksUITestsLaunchTests.swift; sourceTree = "<group>"; };
		69E24223294A7C6900CF75D0 /* CircleImage.swift */ = {isa = PBXFileReference; lastKnownFileType = sourcecode.swift; path = CircleImage.swift; sourceTree = "<group>"; };
		69E24225294A7D4100CF75D0 /* MapView.swift */ = {isa = PBXFileReference; lastKnownFileType = sourcecode.swift; path = MapView.swift; sourceTree = "<group>"; };
		69E2422B294A81FB00CF75D0 /* Landmark.swift */ = {isa = PBXFileReference; lastKnownFileType = sourcecode.swift; path = Landmark.swift; sourceTree = "<group>"; };
		69E2422D294A83F000CF75D0 /* Data.swift */ = {isa = PBXFileReference; lastKnownFileType = sourcecode.swift; path = Data.swift; sourceTree = "<group>"; };
		69E24234294A851900CF75D0 /* LandmarkRow.swift */ = {isa = PBXFileReference; lastKnownFileType = sourcecode.swift; path = LandmarkRow.swift; sourceTree = "<group>"; };
		69E24236294A879800CF75D0 /* landmarkData.json */ = {isa = PBXFileReference; fileEncoding = 4; lastKnownFileType = text.json; path = landmarkData.json; sourceTree = "<group>"; };
		69E2423A294A892100CF75D0 /* LandmarkList.swift */ = {isa = PBXFileReference; lastKnownFileType = sourcecode.swift; path = LandmarkList.swift; sourceTree = "<group>"; };
		69E2423C294B963A00CF75D0 /* LandmarkDetail.swift */ = {isa = PBXFileReference; lastKnownFileType = sourcecode.swift; path = LandmarkDetail.swift; sourceTree = "<group>"; };
/* End PBXFileReference section */

/* Begin PBXFrameworksBuildPhase section */
		69BB08D829468A5A007DD99E /* Frameworks */ = {
			isa = PBXFrameworksBuildPhase;
			buildActionMask = 2147483647;
			files = (
			);
			runOnlyForDeploymentPostprocessing = 0;
		};
		69BB08E829468A5D007DD99E /* Frameworks */ = {
			isa = PBXFrameworksBuildPhase;
			buildActionMask = 2147483647;
			files = (
			);
			runOnlyForDeploymentPostprocessing = 0;
		};
		69BB08F229468A5D007DD99E /* Frameworks */ = {
			isa = PBXFrameworksBuildPhase;
			buildActionMask = 2147483647;
			files = (
			);
			runOnlyForDeploymentPostprocessing = 0;
		};
/* End PBXFrameworksBuildPhase section */

/* Begin PBXGroup section */
		69BB08D229468A5A007DD99E = {
			isa = PBXGroup;
			children = (
				69BB08DD29468A5A007DD99E /* Landmarks */,
				69BB08EE29468A5D007DD99E /* LandmarksTests */,
				69BB08F829468A5D007DD99E /* LandmarksUITests */,
				69BB08DC29468A5A007DD99E /* Products */,
			);
			sourceTree = "<group>";
		};
		69BB08DC29468A5A007DD99E /* Products */ = {
			isa = PBXGroup;
			children = (
				69BB08DB29468A5A007DD99E /* Landmarks.app */,
				69BB08EB29468A5D007DD99E /* LandmarksTests.xctest */,
				69BB08F529468A5D007DD99E /* LandmarksUITests.xctest */,
			);
			name = Products;
			sourceTree = "<group>";
		};
		69BB08DD29468A5A007DD99E /* Landmarks */ = {
			isa = PBXGroup;
			children = (
				69E24236294A879800CF75D0 /* landmarkData.json */,
				69BB08DE29468A5A007DD99E /* LandmarksApp.swift */,
				69E24230294A84A200CF75D0 /* Model */,
				69E2422F294A847700CF75D0 /* Views */,
				69BB08E229468A5C007DD99E /* Assets.xcassets */,
				69BB08E429468A5C007DD99E /* Preview Content */,
			);
			path = Landmarks;
			sourceTree = "<group>";
		};
		69BB08E429468A5C007DD99E /* Preview Content */ = {
			isa = PBXGroup;
			children = (
				69BB08E529468A5C007DD99E /* Preview Assets.xcassets */,
			);
			path = "Preview Content";
			sourceTree = "<group>";
		};
		69BB08EE29468A5D007DD99E /* LandmarksTests */ = {
			isa = PBXGroup;
			children = (
				69BB08EF29468A5D007DD99E /* LandmarksTests.swift */,
			);
			path = LandmarksTests;
			sourceTree = "<group>";
		};
		69BB08F829468A5D007DD99E /* LandmarksUITests */ = {
			isa = PBXGroup;
			children = (
				69BB08F929468A5D007DD99E /* LandmarksUITests.swift */,
				69BB08FB29468A5D007DD99E /* LandmarksUITestsLaunchTests.swift */,
			);
			path = LandmarksUITests;
			sourceTree = "<group>";
		};
		69E2422F294A847700CF75D0 /* Views */ = {
			isa = PBXGroup;
			children = (
				69BB08E029468A5A007DD99E /* ContentView.swift */,
				69E24223294A7C6900CF75D0 /* CircleImage.swift */,
				69E24225294A7D4100CF75D0 /* MapView.swift */,
				69E24234294A851900CF75D0 /* LandmarkRow.swift */,
				69E2423A294A892100CF75D0 /* LandmarkList.swift */,
				69E2423C294B963A00CF75D0 /* LandmarkDetail.swift */,
			);
			path = Views;
			sourceTree = "<group>";
		};
		69E24230294A84A200CF75D0 /* Model */ = {
			isa = PBXGroup;
			children = (
				69E2422B294A81FB00CF75D0 /* Landmark.swift */,
				69E2422D294A83F000CF75D0 /* Data.swift */,
			);
			path = Model;
			sourceTree = "<group>";
		};
/* End PBXGroup section */

/* Begin PBXNativeTarget section */
		69BB08DA29468A5A007DD99E /* Landmarks */ = {
			isa = PBXNativeTarget;
			buildConfigurationList = 69BB08FF29468A5D007DD99E /* Build configuration list for PBXNativeTarget "Landmarks" */;
			buildPhases = (
				69BB08D729468A5A007DD99E /* Sources */,
				69BB08D829468A5A007DD99E /* Frameworks */,
				69BB08D929468A5A007DD99E /* Resources */,
			);
			buildRules = (
			);
			dependencies = (
			);
			name = Landmarks;
			productName = Landmarks;
			productReference = 69BB08DB29468A5A007DD99E /* Landmarks.app */;
			productType = "com.apple.product-type.application";
		};
		69BB08EA29468A5D007DD99E /* LandmarksTests */ = {
			isa = PBXNativeTarget;
			buildConfigurationList = 69BB090229468A5D007DD99E /* Build configuration list for PBXNativeTarget "LandmarksTests" */;
			buildPhases = (
				69BB08E729468A5D007DD99E /* Sources */,
				69BB08E829468A5D007DD99E /* Frameworks */,
				69BB08E929468A5D007DD99E /* Resources */,
			);
			buildRules = (
			);
			dependencies = (
				69BB08ED29468A5D007DD99E /* PBXTargetDependency */,
			);
			name = LandmarksTests;
			productName = LandmarksTests;
			productReference = 69BB08EB29468A5D007DD99E /* LandmarksTests.xctest */;
			productType = "com.apple.product-type.bundle.unit-test";
		};
		69BB08F429468A5D007DD99E /* LandmarksUITests */ = {
			isa = PBXNativeTarget;
			buildConfigurationList = 69BB090529468A5D007DD99E /* Build configuration list for PBXNativeTarget "LandmarksUITests" */;
			buildPhases = (
				69BB08F129468A5D007DD99E /* Sources */,
				69BB08F229468A5D007DD99E /* Frameworks */,
				69BB08F329468A5D007DD99E /* Resources */,
			);
			buildRules = (
			);
			dependencies = (
				69BB08F729468A5D007DD99E /* PBXTargetDependency */,
			);
			name = LandmarksUITests;
			productName = LandmarksUITests;
			productReference = 69BB08F529468A5D007DD99E /* LandmarksUITests.xctest */;
			productType = "com.apple.product-type.bundle.ui-testing";
		};
/* End PBXNativeTarget section */

/* Begin PBXProject section */
		69BB08D329468A5A007DD99E /* Project object */ = {
			isa = PBXProject;
			attributes = {
				BuildIndependentTargetsInParallel = 1;
				LastSwiftUpdateCheck = 1410;
				LastUpgradeCheck = 1410;
				TargetAttributes = {
					69BB08DA29468A5A007DD99E = {
						CreatedOnToolsVersion = 14.1;
					};
					69BB08EA29468A5D007DD99E = {
						CreatedOnToolsVersion = 14.1;
						TestTargetID = 69BB08DA29468A5A007DD99E;
					};
					69BB08F429468A5D007DD99E = {
						CreatedOnToolsVersion = 14.1;
						TestTargetID = 69BB08DA29468A5A007DD99E;
					};
				};
			};
			buildConfigurationList = 69BB08D629468A5A007DD99E /* Build configuration list for PBXProject "Landmarks" */;
			compatibilityVersion = "Xcode 14.0";
			developmentRegion = en;
			hasScannedForEncodings = 0;
			knownRegions = (
				en,
				Base,
			);
			mainGroup = 69BB08D229468A5A007DD99E;
			productRefGroup = 69BB08DC29468A5A007DD99E /* Products */;
			projectDirPath = "";
			projectRoot = "";
			targets = (
				69BB08DA29468A5A007DD99E /* Landmarks */,
				69BB08EA29468A5D007DD99E /* LandmarksTests */,
				69BB08F429468A5D007DD99E /* LandmarksUITests */,
			);
		};
/* End PBXProject section */

/* Begin PBXResourcesBuildPhase section */
		69BB08D929468A5A007DD99E /* Resources */ = {
			isa = PBXResourcesBuildPhase;
			buildActionMask = 2147483647;
			files = (
				69BB08E629468A5C007DD99E /* Preview Assets.xcassets in Resources */,
				69BB08E329468A5C007DD99E /* Assets.xcassets in Resources */,
				69E24237294A879800CF75D0 /* landmarkData.json in Resources */,
			);
			runOnlyForDeploymentPostprocessing = 0;
		};
		69BB08E929468A5D007DD99E /* Resources */ = {
			isa = PBXResourcesBuildPhase;
			buildActionMask = 2147483647;
			files = (
			);
			runOnlyForDeploymentPostprocessing = 0;
		};
		69BB08F329468A5D007DD99E /* Resources */ = {
			isa = PBXResourcesBuildPhase;
			buildActionMask = 2147483647;
			files = (
			);
			runOnlyForDeploymentPostprocessing = 0;
		};
/* End PBXResourcesBuildPhase section */

/* Begin PBXSourcesBuildPhase section */
		69BB08D729468A5A007DD99E /* Sources */ = {
			isa = PBXSourcesBuildPhase;
			buildActionMask = 2147483647;
			files = (
				69BB08E129468A5A007DD99E /* ContentView.swift in Sources */,
				69E2422E294A83F000CF75D0 /* Data.swift in Sources */,
				69E24226294A7D4100CF75D0 /* MapView.swift in Sources */,
				69E2423B294A892100CF75D0 /* LandmarkList.swift in Sources */,
				69E2423D294B963A00CF75D0 /* LandmarkDetail.swift in Sources */,
				69BB08DF29468A5A007DD99E /* LandmarksApp.swift in Sources */,
				69E24224294A7C6900CF75D0 /* CircleImage.swift in Sources */,
				69E24235294A851900CF75D0 /* LandmarkRow.swift in Sources */,
				69E2422C294A81FB00CF75D0 /* Landmark.swift in Sources */,
			);
			runOnlyForDeploymentPostprocessing = 0;
		};
		69BB08E729468A5D007DD99E /* Sources */ = {
			isa = PBXSourcesBuildPhase;
			buildActionMask = 2147483647;
			files = (
				69BB08F029468A5D007DD99E /* LandmarksTests.swift in Sources */,
			);
			runOnlyForDeploymentPostprocessing = 0;
		};
		69BB08F129468A5D007DD99E /* Sources */ = {
			isa = PBXSourcesBuildPhase;
			buildActionMask = 2147483647;
			files = (
				69BB08FC29468A5D007DD99E /* LandmarksUITestsLaunchTests.swift in Sources */,
				69BB08FA29468A5D007DD99E /* LandmarksUITests.swift in Sources */,
			);
			runOnlyForDeploymentPostprocessing = 0;
		};
/* End PBXSourcesBuildPhase section */

/* Begin PBXTargetDependency section */
		69BB08ED29468A5D007DD99E /* PBXTargetDependency */ = {
			isa = PBXTargetDependency;
			target = 69BB08DA29468A5A007DD99E /* Landmarks */;
			targetProxy = 69BB08EC29468A5D007DD99E /* PBXContainerItemProxy */;
		};
		69BB08F729468A5D007DD99E /* PBXTargetDependency */ = {
			isa = PBXTargetDependency;
			target = 69BB08DA29468A5A007DD99E /* Landmarks */;
			targetProxy = 69BB08F629468A5D007DD99E /* PBXContainerItemProxy */;
		};
/* End PBXTargetDependency section */

/* Begin XCBuildConfiguration section */
		69BB08FD29468A5D007DD99E /* Debug */ = {
			isa = XCBuildConfiguration;
			buildSettings = {
				ALWAYS_SEARCH_USER_PATHS = NO;
				CLANG_ANALYZER_NONNULL = YES;
				CLANG_ANALYZER_NUMBER_OBJECT_CONVERSION = YES_AGGRESSIVE;
				CLANG_CXX_LANGUAGE_STANDARD = "gnu++20";
				CLANG_ENABLE_MODULES = YES;
				CLANG_ENABLE_OBJC_ARC = YES;
				CLANG_ENABLE_OBJC_WEAK = YES;
				CLANG_WARN_BLOCK_CAPTURE_AUTORELEASING = YES;
				CLANG_WARN_BOOL_CONVERSION = YES;
				CLANG_WARN_COMMA = YES;
				CLANG_WARN_CONSTANT_CONVERSION = YES;
				CLANG_WARN_DEPRECATED_OBJC_IMPLEMENTATIONS = YES;
				CLANG_WARN_DIRECT_OBJC_ISA_USAGE = YES_ERROR;
				CLANG_WARN_DOCUMENTATION_COMMENTS = YES;
				CLANG_WARN_EMPTY_BODY = YES;
				CLANG_WARN_ENUM_CONVERSION = YES;
				CLANG_WARN_INFINITE_RECURSION = YES;
				CLANG_WARN_INT_CONVERSION = YES;
				CLANG_WARN_NON_LITERAL_NULL_CONVERSION = YES;
				CLANG_WARN_OBJC_IMPLICIT_RETAIN_SELF = YES;
				CLANG_WARN_OBJC_LITERAL_CONVERSION = YES;
				CLANG_WARN_OBJC_ROOT_CLASS = YES_ERROR;
				CLANG_WARN_QUOTED_INCLUDE_IN_FRAMEWORK_HEADER = YES;
				CLANG_WARN_RANGE_LOOP_ANALYSIS = YES;
				CLANG_WARN_STRICT_PROTOTYPES = YES;
				CLANG_WARN_SUSPICIOUS_MOVE = YES;
				CLANG_WARN_UNGUARDED_AVAILABILITY = YES_AGGRESSIVE;
				CLANG_WARN_UNREACHABLE_CODE = YES;
				CLANG_WARN__DUPLICATE_METHOD_MATCH = YES;
				COPY_PHASE_STRIP = NO;
				DEBUG_INFORMATION_FORMAT = dwarf;
				ENABLE_STRICT_OBJC_MSGSEND = YES;
				ENABLE_TESTABILITY = YES;
				GCC_C_LANGUAGE_STANDARD = gnu11;
				GCC_DYNAMIC_NO_PIC = NO;
				GCC_NO_COMMON_BLOCKS = YES;
				GCC_OPTIMIZATION_LEVEL = 0;
				GCC_PREPROCESSOR_DEFINITIONS = (
					"DEBUG=1",
					"$(inherited)",
				);
				GCC_WARN_64_TO_32_BIT_CONVERSION = YES;
				GCC_WARN_ABOUT_RETURN_TYPE = YES_ERROR;
				GCC_WARN_UNDECLARED_SELECTOR = YES;
				GCC_WARN_UNINITIALIZED_AUTOS = YES_AGGRESSIVE;
				GCC_WARN_UNUSED_FUNCTION = YES;
				GCC_WARN_UNUSED_VARIABLE = YES;
				IPHONEOS_DEPLOYMENT_TARGET = 16.1;
				MTL_ENABLE_DEBUG_INFO = INCLUDE_SOURCE;
				MTL_FAST_MATH = YES;
				ONLY_ACTIVE_ARCH = YES;
				SDKROOT = iphoneos;
				SWIFT_ACTIVE_COMPILATION_CONDITIONS = DEBUG;
				SWIFT_OPTIMIZATION_LEVEL = "-Onone";
			};
			name = Debug;
		};
		69BB08FE29468A5D007DD99E /* Release */ = {
			isa = XCBuildConfiguration;
			buildSettings = {
				ALWAYS_SEARCH_USER_PATHS = NO;
				CLANG_ANALYZER_NONNULL = YES;
				CLANG_ANALYZER_NUMBER_OBJECT_CONVERSION = YES_AGGRESSIVE;
				CLANG_CXX_LANGUAGE_STANDARD = "gnu++20";
				CLANG_ENABLE_MODULES = YES;
				CLANG_ENABLE_OBJC_ARC = YES;
				CLANG_ENABLE_OBJC_WEAK = YES;
				CLANG_WARN_BLOCK_CAPTURE_AUTORELEASING = YES;
				CLANG_WARN_BOOL_CONVERSION = YES;
				CLANG_WARN_COMMA = YES;
				CLANG_WARN_CONSTANT_CONVERSION = YES;
				CLANG_WARN_DEPRECATED_OBJC_IMPLEMENTATIONS = YES;
				CLANG_WARN_DIRECT_OBJC_ISA_USAGE = YES_ERROR;
				CLANG_WARN_DOCUMENTATION_COMMENTS = YES;
				CLANG_WARN_EMPTY_BODY = YES;
				CLANG_WARN_ENUM_CONVERSION = YES;
				CLANG_WARN_INFINITE_RECURSION = YES;
				CLANG_WARN_INT_CONVERSION = YES;
				CLANG_WARN_NON_LITERAL_NULL_CONVERSION = YES;
				CLANG_WARN_OBJC_IMPLICIT_RETAIN_SELF = YES;
				CLANG_WARN_OBJC_LITERAL_CONVERSION = YES;
				CLANG_WARN_OBJC_ROOT_CLASS = YES_ERROR;
				CLANG_WARN_QUOTED_INCLUDE_IN_FRAMEWORK_HEADER = YES;
				CLANG_WARN_RANGE_LOOP_ANALYSIS = YES;
				CLANG_WARN_STRICT_PROTOTYPES = YES;
				CLANG_WARN_SUSPICIOUS_MOVE = YES;
				CLANG_WARN_UNGUARDED_AVAILABILITY = YES_AGGRESSIVE;
				CLANG_WARN_UNREACHABLE_CODE = YES;
				CLANG_WARN__DUPLICATE_METHOD_MATCH = YES;
				COPY_PHASE_STRIP = NO;
				DEBUG_INFORMATION_FORMAT = "dwarf-with-dsym";
				ENABLE_NS_ASSERTIONS = NO;
				ENABLE_STRICT_OBJC_MSGSEND = YES;
				GCC_C_LANGUAGE_STANDARD = gnu11;
				GCC_NO_COMMON_BLOCKS = YES;
				GCC_WARN_64_TO_32_BIT_CONVERSION = YES;
				GCC_WARN_ABOUT_RETURN_TYPE = YES_ERROR;
				GCC_WARN_UNDECLARED_SELECTOR = YES;
				GCC_WARN_UNINITIALIZED_AUTOS = YES_AGGRESSIVE;
				GCC_WARN_UNUSED_FUNCTION = YES;
				GCC_WARN_UNUSED_VARIABLE = YES;
				IPHONEOS_DEPLOYMENT_TARGET = 16.1;
				MTL_ENABLE_DEBUG_INFO = NO;
				MTL_FAST_MATH = YES;
				SDKROOT = iphoneos;
				SWIFT_COMPILATION_MODE = wholemodule;
				SWIFT_OPTIMIZATION_LEVEL = "-O";
				VALIDATE_PRODUCT = YES;
			};
			name = Release;
		};
		69BB090029468A5D007DD99E /* Debug */ = {
			isa = XCBuildConfiguration;
			buildSettings = {
				ASSETCATALOG_COMPILER_APPICON_NAME = AppIcon;
				ASSETCATALOG_COMPILER_GLOBAL_ACCENT_COLOR_NAME = AccentColor;
				CODE_SIGN_STYLE = Automatic;
				CURRENT_PROJECT_VERSION = 1;
				DEVELOPMENT_ASSET_PATHS = "\"Landmarks/Preview Content\"";
				DEVELOPMENT_TEAM = C44BHU6WF9;
				ENABLE_PREVIEWS = YES;
				GENERATE_INFOPLIST_FILE = YES;
				INFOPLIST_KEY_UIApplicationSceneManifest_Generation = YES;
				INFOPLIST_KEY_UIApplicationSupportsIndirectInputEvents = YES;
				INFOPLIST_KEY_UILaunchScreen_Generation = YES;
				INFOPLIST_KEY_UISupportedInterfaceOrientations_iPad = "UIInterfaceOrientationPortrait UIInterfaceOrientationPortraitUpsideDown UIInterfaceOrientationLandscapeLeft UIInterfaceOrientationLandscapeRight";
				INFOPLIST_KEY_UISupportedInterfaceOrientations_iPhone = "UIInterfaceOrientationPortrait UIInterfaceOrientationLandscapeLeft UIInterfaceOrientationLandscapeRight";
				LD_RUNPATH_SEARCH_PATHS = (
					"$(inherited)",
					"@executable_path/Frameworks",
				);
				MARKETING_VERSION = 1.0;
				PRODUCT_BUNDLE_IDENTIFIER = "Jay-Chadha.Landmarks";
				PRODUCT_NAME = "$(TARGET_NAME)";
				SWIFT_EMIT_LOC_STRINGS = YES;
				SWIFT_VERSION = 5.0;
				TARGETED_DEVICE_FAMILY = "1,2";
			};
			name = Debug;
		};
		69BB090129468A5D007DD99E /* Release */ = {
			isa = XCBuildConfiguration;
			buildSettings = {
				ASSETCATALOG_COMPILER_APPICON_NAME = AppIcon;
				ASSETCATALOG_COMPILER_GLOBAL_ACCENT_COLOR_NAME = AccentColor;
				CODE_SIGN_STYLE = Automatic;
				CURRENT_PROJECT_VERSION = 1;
				DEVELOPMENT_ASSET_PATHS = "\"Landmarks/Preview Content\"";
				DEVELOPMENT_TEAM = C44BHU6WF9;
				ENABLE_PREVIEWS = YES;
				GENERATE_INFOPLIST_FILE = YES;
				INFOPLIST_KEY_UIApplicationSceneManifest_Generation = YES;
				INFOPLIST_KEY_UIApplicationSupportsIndirectInputEvents = YES;
				INFOPLIST_KEY_UILaunchScreen_Generation = YES;
				INFOPLIST_KEY_UISupportedInterfaceOrientations_iPad = "UIInterfaceOrientationPortrait UIInterfaceOrientationPortraitUpsideDown UIInterfaceOrientationLandscapeLeft UIInterfaceOrientationLandscapeRight";
				INFOPLIST_KEY_UISupportedInterfaceOrientations_iPhone = "UIInterfaceOrientationPortrait UIInterfaceOrientationLandscapeLeft UIInterfaceOrientationLandscapeRight";
				LD_RUNPATH_SEARCH_PATHS = (
					"$(inherited)",
					"@executable_path/Frameworks",
				);
				MARKETING_VERSION = 1.0;
				PRODUCT_BUNDLE_IDENTIFIER = "Jay-Chadha.Landmarks";
				PRODUCT_NAME = "$(TARGET_NAME)";
				SWIFT_EMIT_LOC_STRINGS = YES;
				SWIFT_VERSION = 5.0;
				TARGETED_DEVICE_FAMILY = "1,2";
			};
			name = Release;
		};
		69BB090329468A5D007DD99E /* Debug */ = {
			isa = XCBuildConfiguration;
			buildSettings = {
				ALWAYS_EMBED_SWIFT_STANDARD_LIBRARIES = YES;
				BUNDLE_LOADER = "$(TEST_HOST)";
				CODE_SIGN_STYLE = Automatic;
				CURRENT_PROJECT_VERSION = 1;
				DEVELOPMENT_TEAM = C44BHU6WF9;
				GENERATE_INFOPLIST_FILE = YES;
				IPHONEOS_DEPLOYMENT_TARGET = 16.1;
				MARKETING_VERSION = 1.0;
				PRODUCT_BUNDLE_IDENTIFIER = "Jay-Chadha.LandmarksTests";
				PRODUCT_NAME = "$(TARGET_NAME)";
				SWIFT_EMIT_LOC_STRINGS = NO;
				SWIFT_VERSION = 5.0;
				TARGETED_DEVICE_FAMILY = "1,2";
				TEST_HOST = "$(BUILT_PRODUCTS_DIR)/Landmarks.app/$(BUNDLE_EXECUTABLE_FOLDER_PATH)/Landmarks";
			};
			name = Debug;
		};
		69BB090429468A5D007DD99E /* Release */ = {
			isa = XCBuildConfiguration;
			buildSettings = {
				ALWAYS_EMBED_SWIFT_STANDARD_LIBRARIES = YES;
				BUNDLE_LOADER = "$(TEST_HOST)";
				CODE_SIGN_STYLE = Automatic;
				CURRENT_PROJECT_VERSION = 1;
				DEVELOPMENT_TEAM = C44BHU6WF9;
				GENERATE_INFOPLIST_FILE = YES;
				IPHONEOS_DEPLOYMENT_TARGET = 16.1;
				MARKETING_VERSION = 1.0;
				PRODUCT_BUNDLE_IDENTIFIER = "Jay-Chadha.LandmarksTests";
				PRODUCT_NAME = "$(TARGET_NAME)";
				SWIFT_EMIT_LOC_STRINGS = NO;
				SWIFT_VERSION = 5.0;
				TARGETED_DEVICE_FAMILY = "1,2";
				TEST_HOST = "$(BUILT_PRODUCTS_DIR)/Landmarks.app/$(BUNDLE_EXECUTABLE_FOLDER_PATH)/Landmarks";
			};
			name = Release;
		};
		69BB090629468A5D007DD99E /* Debug */ = {
			isa = XCBuildConfiguration;
			buildSettings = {
				ALWAYS_EMBED_SWIFT_STANDARD_LIBRARIES = YES;
				CODE_SIGN_STYLE = Automatic;
				CURRENT_PROJECT_VERSION = 1;
				DEVELOPMENT_TEAM = C44BHU6WF9;
				GENERATE_INFOPLIST_FILE = YES;
				MARKETING_VERSION = 1.0;
				PRODUCT_BUNDLE_IDENTIFIER = "Jay-Chadha.LandmarksUITests";
				PRODUCT_NAME = "$(TARGET_NAME)";
				SWIFT_EMIT_LOC_STRINGS = NO;
				SWIFT_VERSION = 5.0;
				TARGETED_DEVICE_FAMILY = "1,2";
				TEST_TARGET_NAME = Landmarks;
			};
			name = Debug;
		};
		69BB090729468A5D007DD99E /* Release */ = {
			isa = XCBuildConfiguration;
			buildSettings = {
				ALWAYS_EMBED_SWIFT_STANDARD_LIBRARIES = YES;
				CODE_SIGN_STYLE = Automatic;
				CURRENT_PROJECT_VERSION = 1;
				DEVELOPMENT_TEAM = C44BHU6WF9;
				GENERATE_INFOPLIST_FILE = YES;
				MARKETING_VERSION = 1.0;
				PRODUCT_BUNDLE_IDENTIFIER = "Jay-Chadha.LandmarksUITests";
				PRODUCT_NAME = "$(TARGET_NAME)";
				SWIFT_EMIT_LOC_STRINGS = NO;
				SWIFT_VERSION = 5.0;
				TARGETED_DEVICE_FAMILY = "1,2";
				TEST_TARGET_NAME = Landmarks;
			};
			name = Release;
		};
/* End XCBuildConfiguration section */

/* Begin XCConfigurationList section */
		69BB08D629468A5A007DD99E /* Build configuration list for PBXProject "Landmarks" */ = {
			isa = XCConfigurationList;
			buildConfigurations = (
				69BB08FD29468A5D007DD99E /* Debug */,
				69BB08FE29468A5D007DD99E /* Release */,
			);
			defaultConfigurationIsVisible = 0;
			defaultConfigurationName = Release;
		};
		69BB08FF29468A5D007DD99E /* Build configuration list for PBXNativeTarget "Landmarks" */ = {
			isa = XCConfigurationList;
			buildConfigurations = (
				69BB090029468A5D007DD99E /* Debug */,
				69BB090129468A5D007DD99E /* Release */,
			);
			defaultConfigurationIsVisible = 0;
			defaultConfigurationName = Release;
		};
		69BB090229468A5D007DD99E /* Build configuration list for PBXNativeTarget "LandmarksTests" */ = {
			isa = XCConfigurationList;
			buildConfigurations = (
				69BB090329468A5D007DD99E /* Debug */,
				69BB090429468A5D007DD99E /* Release */,
			);
			defaultConfigurationIsVisible = 0;
			defaultConfigurationName = Release;
		};
		69BB090529468A5D007DD99E /* Build configuration list for PBXNativeTarget "LandmarksUITests" */ = {
			isa = XCConfigurationList;
			buildConfigurations = (
				69BB090629468A5D007DD99E /* Debug */,
				69BB090729468A5D007DD99E /* Release */,
			);
			defaultConfigurationIsVisible = 0;
			defaultConfigurationName = Release;
		};
/* End XCConfigurationList section */
	};
	rootObject = 69BB08D329468A5A007DD99E /* Project object */;
}
